
Microsoft Visual Studio Solution File, Format Version 12.00
# Visual Studio Version 17
VisualStudioVersion = 17.14.36221.1 d17.14
MinimumVisualStudioVersion = 10.0.40219.1
Project("{FAE04EC0-301F-11D3-BF4B-00C04F79EFBC}") = "Api", "Api\Api.csproj", "{E1E7A747-EB34-4507-9AB9-09BB48CA3ADF}"
EndProject
Project("{54A90642-561A-4BB1-A94E-469ADEE60C69}") = "Frontend", "Frontend\Frontend.esproj", "{462EE049-9FE1-B47D-1B3E-22BACA5D9185}"
EndProject
Project("{FAE04EC0-301F-11D3-BF4B-00C04F79EFBC}") = "Infra", "Infra\Infra.csproj", "{AF539CD4-E718-4341-B209-B6647C4E0F82}"
EndProject
Project("{2150E333-8FDC-42A3-9474-1A3956D46DE8}") = "Solution Items", "Solution Items", "{8EC462FD-D22E-90A8-E5CE-7E832BA40C5D}"
	ProjectSection(SolutionItems) = preProject
		docker-compose.yml = docker-compose.yml
	EndProjectSection
EndProject
Global
	GlobalSection(SolutionConfigurationPlatforms) = preSolution
		Debug|Any CPU = Debug|Any CPU
		Release|Any CPU = Release|Any CPU
	EndGlobalSection
	GlobalSection(ProjectConfigurationPlatforms) = postSolution
		{E1E7A747-EB34-4507-9AB9-09BB48CA3ADF}.Debug|Any CPU.ActiveCfg = Debug|Any CPU
		{E1E7A747-EB34-4507-9AB9-09BB48CA3ADF}.Debug|Any CPU.Build.0 = Debug|Any CPU
		{E1E7A747-EB34-4507-9AB9-09BB48CA3ADF}.Release|Any CPU.ActiveCfg = Release|Any CPU
		{E1E7A747-EB34-4507-9AB9-09BB48CA3ADF}.Release|Any CPU.Build.0 = Release|Any CPU
		{462EE049-9FE1-B47D-1B3E-22BACA5D9185}.Debug|Any CPU.ActiveCfg = Debug|Any CPU
		{462EE049-9FE1-B47D-1B3E-22BACA5D9185}.Debug|Any CPU.Build.0 = Debug|Any CPU
		{462EE049-9FE1-B47D-1B3E-22BACA5D9185}.Debug|Any CPU.Deploy.0 = Debug|Any CPU
		{462EE049-9FE1-B47D-1B3E-22BACA5D9185}.Release|Any CPU.ActiveCfg = Release|Any CPU
		{462EE049-9FE1-B47D-1B3E-22BACA5D9185}.Release|Any CPU.Build.0 = Release|Any CPU
		{462EE049-9FE1-B47D-1B3E-22BACA5D9185}.Release|Any CPU.Deploy.0 = Release|Any CPU
		{AF539CD4-E718-4341-B209-B6647C4E0F82}.Debug|Any CPU.ActiveCfg = Debug|Any CPU
		{AF539CD4-E718-4341-B209-B6647C4E0F82}.Debug|Any CPU.Build.0 = Debug|Any CPU
		{AF539CD4-E718-4341-B209-B6647C4E0F82}.Release|Any CPU.ActiveCfg = Release|Any CPU
		{AF539CD4-E718-4341-B209-B6647C4E0F82}.Release|Any CPU.Build.0 = Release|Any CPU
	EndGlobalSection
	GlobalSection(SolutionProperties) = preSolution
		HideSolutionNode = FALSE
	EndGlobalSection
	GlobalSection(ExtensibilityGlobals) = postSolution
		SolutionGuid = {96B266CE-DAC1-437D-B913-4C780B13CE1E}
	EndGlobalSection
EndGlobal
